
Microsoft Visual Studio Solution File, Format Version 12.00
# Visual Studio Version 16
VisualStudioVersion = 16.0.30907.101
MinimumVisualStudioVersion = 10.0.40219.1
Project("{FAE04EC0-301F-11D3-BF4B-00C04F79EFBC}") = "TeamManager", "TeamManager\TeamManager.csproj", "{8CEC0E11-3A92-4537-9D91-C2958F3600E3}"
EndProject
Global
	GlobalSection(SolutionConfigurationPlatforms) = preSolution
		Debug|Any CPU = Debug|Any CPU
		Release|Any CPU = Release|Any CPU
	EndGlobalSection
	GlobalSection(ProjectConfigurationPlatforms) = postSolution
		{8CEC0E11-3A92-4537-9D91-C2958F3600E3}.Debug|Any CPU.ActiveCfg = Debug|Any CPU
		{8CEC0E11-3A92-4537-9D91-C2958F3600E3}.Debug|Any CPU.Build.0 = Debug|Any CPU
		{8CEC0E11-3A92-4537-9D91-C2958F3600E3}.Release|Any CPU.ActiveCfg = Release|Any CPU
		{8CEC0E11-3A92-4537-9D91-C2958F3600E3}.Release|Any CPU.Build.0 = Release|Any CPU
	EndGlobalSection
	GlobalSection(SolutionProperties) = preSolution
		HideSolutionNode = FALSE
	EndGlobalSection
	GlobalSection(ExtensibilityGlobals) = postSolution
		SolutionGuid = {62894EF6-DB20-44E0-8486-F2EAB55EA8F2}
	EndGlobalSection
EndGlobal
